
Microsoft Visual Studio Solution File, Format Version 12.00
# Visual Studio 15
Project("{FAE04EC0-301F-11D3-BF4B-00C04F79EFBC}") = "Fusion.Unity", "Fusion.Unity.csproj", "{3951073E-DB89-FECB-AFAA-EBC1B0056385}"
EndProject
Project("{FAE04EC0-301F-11D3-BF4B-00C04F79EFBC}") = "Fusion.Unity.Editor", "Fusion.Unity.Editor.csproj", "{E41E06E6-0907-43D0-C544-CD11AFDFA19D}"
EndProject
Project("{FAE04EC0-301F-11D3-BF4B-00C04F79EFBC}") = "Assembly-CSharp", "Assembly-CSharp.csproj", "{66153DA3-607E-BB0C-4107-6A53658BF478}"
EndProject
Project("{FAE04EC0-301F-11D3-BF4B-00C04F79EFBC}") = "Unity.Fusion.CodeGen", "Unity.Fusion.CodeGen.csproj", "{26EA9362-9A64-8671-D2B2-29508658F3C4}"
EndProject
Project("{FAE04EC0-301F-11D3-BF4B-00C04F79EFBC}") = "Assembly-CSharp-Editor", "Assembly-CSharp-Editor.csproj", "{10859897-D9FF-9CE5-6E2C-D6070E8A5CCA}"
EndProject
Global
	GlobalSection(SolutionConfigurationPlatforms) = preSolution
		Debug|Any CPU = Debug|Any CPU
		Release|Any CPU = Release|Any CPU
	EndGlobalSection
	GlobalSection(ProjectConfigurationPlatforms) = postSolution
		{3951073E-DB89-FECB-AFAA-EBC1B0056385}.Debug|Any CPU.ActiveCfg = Debug|Any CPU
		{3951073E-DB89-FECB-AFAA-EBC1B0056385}.Debug|Any CPU.Build.0 = Debug|Any CPU
		{3951073E-DB89-FECB-AFAA-EBC1B0056385}.Release|Any CPU.ActiveCfg = Release|Any CPU
		{3951073E-DB89-FECB-AFAA-EBC1B0056385}.Release|Any CPU.Build.0 = Release|Any CPU
		{E41E06E6-0907-43D0-C544-CD11AFDFA19D}.Debug|Any CPU.ActiveCfg = Debug|Any CPU
		{E41E06E6-0907-43D0-C544-CD11AFDFA19D}.Debug|Any CPU.Build.0 = Debug|Any CPU
		{E41E06E6-0907-43D0-C544-CD11AFDFA19D}.Release|Any CPU.ActiveCfg = Release|Any CPU
		{E41E06E6-0907-43D0-C544-CD11AFDFA19D}.Release|Any CPU.Build.0 = Release|Any CPU
		{66153DA3-607E-BB0C-4107-6A53658BF478}.Debug|Any CPU.ActiveCfg = Debug|Any CPU
		{66153DA3-607E-BB0C-4107-6A53658BF478}.Debug|Any CPU.Build.0 = Debug|Any CPU
		{66153DA3-607E-BB0C-4107-6A53658BF478}.Release|Any CPU.ActiveCfg = Release|Any CPU
		{66153DA3-607E-BB0C-4107-6A53658BF478}.Release|Any CPU.Build.0 = Release|Any CPU
		{26EA9362-9A64-8671-D2B2-29508658F3C4}.Debug|Any CPU.ActiveCfg = Debug|Any CPU
		{26EA9362-9A64-8671-D2B2-29508658F3C4}.Debug|Any CPU.Build.0 = Debug|Any CPU
		{26EA9362-9A64-8671-D2B2-29508658F3C4}.Release|Any CPU.ActiveCfg = Release|Any CPU
		{26EA9362-9A64-8671-D2B2-29508658F3C4}.Release|Any CPU.Build.0 = Release|Any CPU
		{10859897-D9FF-9CE5-6E2C-D6070E8A5CCA}.Debug|Any CPU.ActiveCfg = Debug|Any CPU
		{10859897-D9FF-9CE5-6E2C-D6070E8A5CCA}.Debug|Any CPU.Build.0 = Debug|Any CPU
		{10859897-D9FF-9CE5-6E2C-D6070E8A5CCA}.Release|Any CPU.ActiveCfg = Release|Any CPU
		{10859897-D9FF-9CE5-6E2C-D6070E8A5CCA}.Release|Any CPU.Build.0 = Release|Any CPU
	EndGlobalSection
	GlobalSection(SolutionProperties) = preSolution
		HideSolutionNode = FALSE
	EndGlobalSection
EndGlobal
